
Microsoft Visual Studio Solution File, Format Version 12.00
# Visual Studio Version 16
VisualStudioVersion = 16.0.29519.181
MinimumVisualStudioVersion = 10.0.40219.1
Project("{9A19103F-16F7-4668-BE54-9A1E7A4F7556}") = "GetHashCodes.Tests", "GetHashCodes.Tests\GetHashCodes.Tests.csproj", "{623C168E-ECD7-4976-90F1-9F41C9E3C595}"
EndProject
Project("{2150E333-8FDC-42A3-9474-1A3956D46DE8}") = "Solution Items", "Solution Items", "{16639B06-CBF0-4B10-8137-6897BBABBE9E}"
	ProjectSection(SolutionItems) = preProject
		.editorconfig = .editorconfig
	EndProjectSection
EndProject
Global
	GlobalSection(SolutionConfigurationPlatforms) = preSolution
		Debug|Any CPU = Debug|Any CPU
		Release|Any CPU = Release|Any CPU
	EndGlobalSection
	GlobalSection(ProjectConfigurationPlatforms) = postSolution
		{623C168E-ECD7-4976-90F1-9F41C9E3C595}.Debug|Any CPU.ActiveCfg = Debug|Any CPU
		{623C168E-ECD7-4976-90F1-9F41C9E3C595}.Debug|Any CPU.Build.0 = Debug|Any CPU
		{623C168E-ECD7-4976-90F1-9F41C9E3C595}.Release|Any CPU.ActiveCfg = Release|Any CPU
		{623C168E-ECD7-4976-90F1-9F41C9E3C595}.Release|Any CPU.Build.0 = Release|Any CPU
	EndGlobalSection
	GlobalSection(SolutionProperties) = preSolution
		HideSolutionNode = FALSE
	EndGlobalSection
	GlobalSection(ExtensibilityGlobals) = postSolution
		SolutionGuid = {DA7492C2-01E6-47AF-9F3C-EC096388A3B3}
	EndGlobalSection
EndGlobal
