
Microsoft Visual Studio Solution File, Format Version 12.00
# Visual Studio 15
VisualStudioVersion = 15.0.28307.136
MinimumVisualStudioVersion = 10.0.40219.1
Project("{9A19103F-16F7-4668-BE54-9A1E7A4F7556}") = "ViewComponentDemo", "ViewComponentDemo\ViewComponentDemo.csproj", "{6A465976-2B5F-4DE5-AA44-A3ECF9A29148}"
EndProject
Project("{9A19103F-16F7-4668-BE54-9A1E7A4F7556}") = "DataProvider", "DataProvider\DataProvider.csproj", "{B880B15A-FB97-4A2D-9728-441D8ECF9BEC}"
EndProject
Project("{9A19103F-16F7-4668-BE54-9A1E7A4F7556}") = "DataProvider.Tests", "DataProvider.Tests\DataProvider.Tests.csproj", "{EBF650D3-D805-42A0-A529-53C794F5EBC7}"
EndProject
Project("{FAE04EC0-301F-11D3-BF4B-00C04F79EFBC}") = "ViewComponentDemo.Tests", "ViewComponentDemo.Tests\ViewComponentDemo.Tests.csproj", "{A9B66BA6-4928-4BBF-AFF8-B4860CBD05A1}"
EndProject
Global
	GlobalSection(SolutionConfigurationPlatforms) = preSolution
		Debug|Any CPU = Debug|Any CPU
		Release|Any CPU = Release|Any CPU
	EndGlobalSection
	GlobalSection(ProjectConfigurationPlatforms) = postSolution
		{6A465976-2B5F-4DE5-AA44-A3ECF9A29148}.Debug|Any CPU.ActiveCfg = Debug|Any CPU
		{6A465976-2B5F-4DE5-AA44-A3ECF9A29148}.Debug|Any CPU.Build.0 = Debug|Any CPU
		{6A465976-2B5F-4DE5-AA44-A3ECF9A29148}.Release|Any CPU.ActiveCfg = Release|Any CPU
		{6A465976-2B5F-4DE5-AA44-A3ECF9A29148}.Release|Any CPU.Build.0 = Release|Any CPU
		{B880B15A-FB97-4A2D-9728-441D8ECF9BEC}.Debug|Any CPU.ActiveCfg = Debug|Any CPU
		{B880B15A-FB97-4A2D-9728-441D8ECF9BEC}.Debug|Any CPU.Build.0 = Debug|Any CPU
		{B880B15A-FB97-4A2D-9728-441D8ECF9BEC}.Release|Any CPU.ActiveCfg = Release|Any CPU
		{B880B15A-FB97-4A2D-9728-441D8ECF9BEC}.Release|Any CPU.Build.0 = Release|Any CPU
		{EBF650D3-D805-42A0-A529-53C794F5EBC7}.Debug|Any CPU.ActiveCfg = Debug|Any CPU
		{EBF650D3-D805-42A0-A529-53C794F5EBC7}.Debug|Any CPU.Build.0 = Debug|Any CPU
		{EBF650D3-D805-42A0-A529-53C794F5EBC7}.Release|Any CPU.ActiveCfg = Release|Any CPU
		{EBF650D3-D805-42A0-A529-53C794F5EBC7}.Release|Any CPU.Build.0 = Release|Any CPU
		{A9B66BA6-4928-4BBF-AFF8-B4860CBD05A1}.Debug|Any CPU.ActiveCfg = Debug|Any CPU
		{A9B66BA6-4928-4BBF-AFF8-B4860CBD05A1}.Debug|Any CPU.Build.0 = Debug|Any CPU
		{A9B66BA6-4928-4BBF-AFF8-B4860CBD05A1}.Release|Any CPU.ActiveCfg = Release|Any CPU
		{A9B66BA6-4928-4BBF-AFF8-B4860CBD05A1}.Release|Any CPU.Build.0 = Release|Any CPU
	EndGlobalSection
	GlobalSection(SolutionProperties) = preSolution
		HideSolutionNode = FALSE
	EndGlobalSection
	GlobalSection(ExtensibilityGlobals) = postSolution
		SolutionGuid = {9F148E97-804C-466E-B4E6-359778285B85}
	EndGlobalSection
EndGlobal
